
Microsoft Visual Studio Solution File, Format Version 11.00
# Visual Studio 2010
Project("{FAE04EC0-301F-11D3-BF4B-00C04F79EFBC}") = "Shared.Events", "Shared.Events\Shared.Events.csproj", "{72984EF0-1E96-40EB-8FC7-1679D1D22435}"
EndProject
Project("{FAE04EC0-301F-11D3-BF4B-00C04F79EFBC}") = "RedListener", "RedListener\RedListener.csproj", "{7D33975B-4161-4FA5-8B55-CC86D4AB5ECB}"
EndProject
Project("{FAE04EC0-301F-11D3-BF4B-00C04F79EFBC}") = "GreenListener", "GreenListener\GreenListener.csproj", "{14099DCE-1C0D-4EFB-944B-BAF5859E01CF}"
EndProject
Project("{FAE04EC0-301F-11D3-BF4B-00C04F79EFBC}") = "RGBListener", "RGBListener\RGBListener.csproj", "{811B0E64-82A3-4C7E-953C-DBDDDCF62F62}"
EndProject
Project("{FAE04EC0-301F-11D3-BF4B-00C04F79EFBC}") = "RGBTrigger", "RGBTrigger\RGBTrigger.csproj", "{EE0F6C49-BDB4-4C71-AB66-6E620111ECB1}"
EndProject
Global
	GlobalSection(SolutionConfigurationPlatforms) = preSolution
		Debug|Any CPU = Debug|Any CPU
		Debug|Mixed Platforms = Debug|Mixed Platforms
		Debug|x86 = Debug|x86
		Release|Any CPU = Release|Any CPU
		Release|Mixed Platforms = Release|Mixed Platforms
		Release|x86 = Release|x86
	EndGlobalSection
	GlobalSection(ProjectConfigurationPlatforms) = postSolution
		{72984EF0-1E96-40EB-8FC7-1679D1D22435}.Debug|Any CPU.ActiveCfg = Debug|Any CPU
		{72984EF0-1E96-40EB-8FC7-1679D1D22435}.Debug|Any CPU.Build.0 = Debug|Any CPU
		{72984EF0-1E96-40EB-8FC7-1679D1D22435}.Debug|Mixed Platforms.ActiveCfg = Debug|Any CPU
		{72984EF0-1E96-40EB-8FC7-1679D1D22435}.Debug|Mixed Platforms.Build.0 = Debug|Any CPU
		{72984EF0-1E96-40EB-8FC7-1679D1D22435}.Debug|x86.ActiveCfg = Debug|Any CPU
		{72984EF0-1E96-40EB-8FC7-1679D1D22435}.Release|Any CPU.ActiveCfg = Release|Any CPU
		{72984EF0-1E96-40EB-8FC7-1679D1D22435}.Release|Any CPU.Build.0 = Release|Any CPU
		{72984EF0-1E96-40EB-8FC7-1679D1D22435}.Release|Mixed Platforms.ActiveCfg = Release|Any CPU
		{72984EF0-1E96-40EB-8FC7-1679D1D22435}.Release|Mixed Platforms.Build.0 = Release|Any CPU
		{72984EF0-1E96-40EB-8FC7-1679D1D22435}.Release|x86.ActiveCfg = Release|Any CPU
		{7D33975B-4161-4FA5-8B55-CC86D4AB5ECB}.Debug|Any CPU.ActiveCfg = Debug|x86
		{7D33975B-4161-4FA5-8B55-CC86D4AB5ECB}.Debug|Mixed Platforms.ActiveCfg = Debug|x86
		{7D33975B-4161-4FA5-8B55-CC86D4AB5ECB}.Debug|Mixed Platforms.Build.0 = Debug|x86
		{7D33975B-4161-4FA5-8B55-CC86D4AB5ECB}.Debug|x86.ActiveCfg = Debug|x86
		{7D33975B-4161-4FA5-8B55-CC86D4AB5ECB}.Debug|x86.Build.0 = Debug|x86
		{7D33975B-4161-4FA5-8B55-CC86D4AB5ECB}.Release|Any CPU.ActiveCfg = Release|x86
		{7D33975B-4161-4FA5-8B55-CC86D4AB5ECB}.Release|Mixed Platforms.ActiveCfg = Release|x86
		{7D33975B-4161-4FA5-8B55-CC86D4AB5ECB}.Release|Mixed Platforms.Build.0 = Release|x86
		{7D33975B-4161-4FA5-8B55-CC86D4AB5ECB}.Release|x86.ActiveCfg = Release|x86
		{7D33975B-4161-4FA5-8B55-CC86D4AB5ECB}.Release|x86.Build.0 = Release|x86
		{14099DCE-1C0D-4EFB-944B-BAF5859E01CF}.Debug|Any CPU.ActiveCfg = Debug|x86
		{14099DCE-1C0D-4EFB-944B-BAF5859E01CF}.Debug|Mixed Platforms.ActiveCfg = Debug|x86
		{14099DCE-1C0D-4EFB-944B-BAF5859E01CF}.Debug|Mixed Platforms.Build.0 = Debug|x86
		{14099DCE-1C0D-4EFB-944B-BAF5859E01CF}.Debug|x86.ActiveCfg = Debug|x86
		{14099DCE-1C0D-4EFB-944B-BAF5859E01CF}.Debug|x86.Build.0 = Debug|x86
		{14099DCE-1C0D-4EFB-944B-BAF5859E01CF}.Release|Any CPU.ActiveCfg = Release|x86
		{14099DCE-1C0D-4EFB-944B-BAF5859E01CF}.Release|Mixed Platforms.ActiveCfg = Release|x86
		{14099DCE-1C0D-4EFB-944B-BAF5859E01CF}.Release|Mixed Platforms.Build.0 = Release|x86
		{14099DCE-1C0D-4EFB-944B-BAF5859E01CF}.Release|x86.ActiveCfg = Release|x86
		{14099DCE-1C0D-4EFB-944B-BAF5859E01CF}.Release|x86.Build.0 = Release|x86
		{811B0E64-82A3-4C7E-953C-DBDDDCF62F62}.Debug|Any CPU.ActiveCfg = Debug|x86
		{811B0E64-82A3-4C7E-953C-DBDDDCF62F62}.Debug|Mixed Platforms.ActiveCfg = Debug|x86
		{811B0E64-82A3-4C7E-953C-DBDDDCF62F62}.Debug|Mixed Platforms.Build.0 = Debug|x86
		{811B0E64-82A3-4C7E-953C-DBDDDCF62F62}.Debug|x86.ActiveCfg = Debug|x86
		{811B0E64-82A3-4C7E-953C-DBDDDCF62F62}.Debug|x86.Build.0 = Debug|x86
		{811B0E64-82A3-4C7E-953C-DBDDDCF62F62}.Release|Any CPU.ActiveCfg = Release|x86
		{811B0E64-82A3-4C7E-953C-DBDDDCF62F62}.Release|Mixed Platforms.ActiveCfg = Release|x86
		{811B0E64-82A3-4C7E-953C-DBDDDCF62F62}.Release|Mixed Platforms.Build.0 = Release|x86
		{811B0E64-82A3-4C7E-953C-DBDDDCF62F62}.Release|x86.ActiveCfg = Release|x86
		{811B0E64-82A3-4C7E-953C-DBDDDCF62F62}.Release|x86.Build.0 = Release|x86
		{EE0F6C49-BDB4-4C71-AB66-6E620111ECB1}.Debug|Any CPU.ActiveCfg = Debug|x86
		{EE0F6C49-BDB4-4C71-AB66-6E620111ECB1}.Debug|Mixed Platforms.ActiveCfg = Debug|x86
		{EE0F6C49-BDB4-4C71-AB66-6E620111ECB1}.Debug|Mixed Platforms.Build.0 = Debug|x86
		{EE0F6C49-BDB4-4C71-AB66-6E620111ECB1}.Debug|x86.ActiveCfg = Debug|x86
		{EE0F6C49-BDB4-4C71-AB66-6E620111ECB1}.Debug|x86.Build.0 = Debug|x86
		{EE0F6C49-BDB4-4C71-AB66-6E620111ECB1}.Release|Any CPU.ActiveCfg = Release|x86
		{EE0F6C49-BDB4-4C71-AB66-6E620111ECB1}.Release|Mixed Platforms.ActiveCfg = Release|x86
		{EE0F6C49-BDB4-4C71-AB66-6E620111ECB1}.Release|Mixed Platforms.Build.0 = Release|x86
		{EE0F6C49-BDB4-4C71-AB66-6E620111ECB1}.Release|x86.ActiveCfg = Release|x86
		{EE0F6C49-BDB4-4C71-AB66-6E620111ECB1}.Release|x86.Build.0 = Release|x86
	EndGlobalSection
	GlobalSection(SolutionProperties) = preSolution
		HideSolutionNode = FALSE
	EndGlobalSection
EndGlobal
